
Microsoft Visual Studio Solution File, Format Version 12.00
# Visual Studio Version 17
VisualStudioVersion = 17.7.34018.315
MinimumVisualStudioVersion = 10.0.40219.1
Project("{9A19103F-16F7-4668-BE54-9A1E7A4F7556}") = "AuroraAPI", "Aurora\AuroraAPI.csproj", "{AAE42381-BA9B-4430-BCF6-2D5D443F5F72}"
EndProject
Project("{9A19103F-16F7-4668-BE54-9A1E7A4F7556}") = "AuroraBLL", "AuroraBLL\AuroraBLL.csproj", "{EA9DD9B2-0880-458E-8164-3827EC0F2AE6}"
EndProject
Project("{9A19103F-16F7-4668-BE54-9A1E7A4F7556}") = "AuroraDAL", "AuroraDAL\AuroraDAL.csproj", "{9B1342C8-F865-424D-B4EB-08940F8EF2B0}"
EndProject
Project("{2150E333-8FDC-42A3-9474-1A3956D46DE8}") = "Solution Items", "Solution Items", "{A7421525-FEA1-41C3-B279-55FFA604C90F}"
	ProjectSection(SolutionItems) = preProject
		.editorconfig = .editorconfig
	EndProjectSection
EndProject
Global
	GlobalSection(SolutionConfigurationPlatforms) = preSolution
		Debug|Any CPU = Debug|Any CPU
		Release|Any CPU = Release|Any CPU
	EndGlobalSection
	GlobalSection(ProjectConfigurationPlatforms) = postSolution
		{AAE42381-BA9B-4430-BCF6-2D5D443F5F72}.Debug|Any CPU.ActiveCfg = Debug|Any CPU
		{AAE42381-BA9B-4430-BCF6-2D5D443F5F72}.Debug|Any CPU.Build.0 = Debug|Any CPU
		{AAE42381-BA9B-4430-BCF6-2D5D443F5F72}.Release|Any CPU.ActiveCfg = Release|Any CPU
		{AAE42381-BA9B-4430-BCF6-2D5D443F5F72}.Release|Any CPU.Build.0 = Release|Any CPU
		{EA9DD9B2-0880-458E-8164-3827EC0F2AE6}.Debug|Any CPU.ActiveCfg = Debug|Any CPU
		{EA9DD9B2-0880-458E-8164-3827EC0F2AE6}.Debug|Any CPU.Build.0 = Debug|Any CPU
		{EA9DD9B2-0880-458E-8164-3827EC0F2AE6}.Release|Any CPU.ActiveCfg = Release|Any CPU
		{EA9DD9B2-0880-458E-8164-3827EC0F2AE6}.Release|Any CPU.Build.0 = Release|Any CPU
		{9B1342C8-F865-424D-B4EB-08940F8EF2B0}.Debug|Any CPU.ActiveCfg = Debug|Any CPU
		{9B1342C8-F865-424D-B4EB-08940F8EF2B0}.Debug|Any CPU.Build.0 = Debug|Any CPU
		{9B1342C8-F865-424D-B4EB-08940F8EF2B0}.Release|Any CPU.ActiveCfg = Release|Any CPU
		{9B1342C8-F865-424D-B4EB-08940F8EF2B0}.Release|Any CPU.Build.0 = Release|Any CPU
	EndGlobalSection
	GlobalSection(SolutionProperties) = preSolution
		HideSolutionNode = FALSE
	EndGlobalSection
	GlobalSection(ExtensibilityGlobals) = postSolution
		SolutionGuid = {A8D2CC4A-9F9B-4291-8621-02484880C464}
	EndGlobalSection
EndGlobal
